
Microsoft Visual Studio Solution File, Format Version 12.00
# Visual Studio Version 16
VisualStudioVersion = 16.0.30011.22
MinimumVisualStudioVersion = 10.0.40219.1
Project("{FAE04EC0-301F-11D3-BF4B-00C04F79EFBC}") = "AutoBase", "AutoBase\AutoBase.csproj", "{36E9D6D9-805F-44C4-8628-6627CE5BC5BB}"
EndProject
Global
	GlobalSection(SolutionConfigurationPlatforms) = preSolution
		Debug|Any CPU = Debug|Any CPU
		Release|Any CPU = Release|Any CPU
	EndGlobalSection
	GlobalSection(ProjectConfigurationPlatforms) = postSolution
		{36E9D6D9-805F-44C4-8628-6627CE5BC5BB}.Debug|Any CPU.ActiveCfg = Debug|Any CPU
		{36E9D6D9-805F-44C4-8628-6627CE5BC5BB}.Debug|Any CPU.Build.0 = Debug|Any CPU
		{36E9D6D9-805F-44C4-8628-6627CE5BC5BB}.Release|Any CPU.ActiveCfg = Release|Any CPU
		{36E9D6D9-805F-44C4-8628-6627CE5BC5BB}.Release|Any CPU.Build.0 = Release|Any CPU
	EndGlobalSection
	GlobalSection(SolutionProperties) = preSolution
		HideSolutionNode = FALSE
	EndGlobalSection
	GlobalSection(ExtensibilityGlobals) = postSolution
		SolutionGuid = {B7A827B9-9813-4B36-9C5A-BF065ACEBDB7}
	EndGlobalSection
EndGlobal
